
Microsoft Visual Studio Solution File, Format Version 12.00
# Visual Studio Version 17
VisualStudioVersion = 17.5.33516.290
MinimumVisualStudioVersion = 10.0.40219.1
Project("{FAE04EC0-301F-11D3-BF4B-00C04F79EFBC}") = "GorbatyukAA_Inteview", "GorbatyukAA_Inteview\GorbatyukAA_Inteview.csproj", "{2357C5C2-0686-4B6D-86BB-25A6E01432D1}"
EndProject
Global
	GlobalSection(SolutionConfigurationPlatforms) = preSolution
		Debug|Any CPU = Debug|Any CPU
		Release|Any CPU = Release|Any CPU
	EndGlobalSection
	GlobalSection(ProjectConfigurationPlatforms) = postSolution
		{2357C5C2-0686-4B6D-86BB-25A6E01432D1}.Debug|Any CPU.ActiveCfg = Debug|Any CPU
		{2357C5C2-0686-4B6D-86BB-25A6E01432D1}.Debug|Any CPU.Build.0 = Debug|Any CPU
		{2357C5C2-0686-4B6D-86BB-25A6E01432D1}.Release|Any CPU.ActiveCfg = Release|Any CPU
		{2357C5C2-0686-4B6D-86BB-25A6E01432D1}.Release|Any CPU.Build.0 = Release|Any CPU
	EndGlobalSection
	GlobalSection(SolutionProperties) = preSolution
		HideSolutionNode = FALSE
	EndGlobalSection
	GlobalSection(ExtensibilityGlobals) = postSolution
		SolutionGuid = {CC85D73E-97FE-446D-BE4C-6CE1189A156C}
	EndGlobalSection
EndGlobal
